
Microsoft Visual Studio Solution File, Format Version 12.00
# Visual Studio 15
VisualStudioVersion = 15.0.28307.1145
MinimumVisualStudioVersion = 10.0.40219.1
Project("{8BC9CEB8-8B4A-11D0-8D11-00A0C91BC942}") = "ConsoleApplication34", "ConsoleApplication34\ConsoleApplication34.vcxproj", "{883B74C2-97C8-4AE9-AC6C-2F46E58648DC}"
EndProject
Global
	GlobalSection(SolutionConfigurationPlatforms) = preSolution
		Debug|x64 = Debug|x64
		Debug|x86 = Debug|x86
		Release|x64 = Release|x64
		Release|x86 = Release|x86
	EndGlobalSection
	GlobalSection(ProjectConfigurationPlatforms) = postSolution
		{883B74C2-97C8-4AE9-AC6C-2F46E58648DC}.Debug|x64.ActiveCfg = Debug|x64
		{883B74C2-97C8-4AE9-AC6C-2F46E58648DC}.Debug|x64.Build.0 = Debug|x64
		{883B74C2-97C8-4AE9-AC6C-2F46E58648DC}.Debug|x86.ActiveCfg = Debug|Win32
		{883B74C2-97C8-4AE9-AC6C-2F46E58648DC}.Debug|x86.Build.0 = Debug|Win32
		{883B74C2-97C8-4AE9-AC6C-2F46E58648DC}.Release|x64.ActiveCfg = Release|x64
		{883B74C2-97C8-4AE9-AC6C-2F46E58648DC}.Release|x64.Build.0 = Release|x64
		{883B74C2-97C8-4AE9-AC6C-2F46E58648DC}.Release|x86.ActiveCfg = Release|Win32
		{883B74C2-97C8-4AE9-AC6C-2F46E58648DC}.Release|x86.Build.0 = Release|Win32
	EndGlobalSection
	GlobalSection(SolutionProperties) = preSolution
		HideSolutionNode = FALSE
	EndGlobalSection
	GlobalSection(ExtensibilityGlobals) = postSolution
		SolutionGuid = {AFEA72E9-9880-49F4-A00E-F70F71523430}
	EndGlobalSection
EndGlobal
